
Microsoft Visual Studio Solution File, Format Version 12.00
# Visual Studio 14
VisualStudioVersion = 14.0.24720.0
MinimumVisualStudioVersion = 10.0.40219.1
Project("{FAE04EC0-301F-11D3-BF4B-00C04F79EFBC}") = "Magician", "Magician\Magician.csproj", "{F3792F29-6C38-4A3C-8F95-93EE4E58A51B}"
EndProject
Project("{FAE04EC0-301F-11D3-BF4B-00C04F79EFBC}") = "Magician.Connect", "Magician.ConnectWindow\Magician.Connect.csproj", "{743A7BEB-7FD8-4309-800E-6E3F0D755620}"
EndProject
Project("{FAE04EC0-301F-11D3-BF4B-00C04F79EFBC}") = "Magician.RoleCompare", "Magician.RoleComparison\Magician.RoleCompare.csproj", "{7FC0B4B9-59EE-4419-8B63-B46013070EE4}"
EndProject
Project("{FAE04EC0-301F-11D3-BF4B-00C04F79EFBC}") = "Magician.UsersByRole", "Magician.UsersByRole\Magician.UsersByRole.csproj", "{A6F67324-E9A2-42EA-A0F7-20AD4C9B60A5}"
EndProject
Project("{FAE04EC0-301F-11D3-BF4B-00C04F79EFBC}") = "Magician.ExportAssemblies", "Magician.ExportAssemblies\Magician.ExportAssemblies.csproj", "{7C7B1E0E-C559-4F5D-BAAC-6728DD100CB1}"
EndProject
Project("{FAE04EC0-301F-11D3-BF4B-00C04F79EFBC}") = "Magician.BulkWorkflowExecutor", "Magician.BulkWorkflowExecutor\Magician.BulkWorkflowExecutor.csproj", "{31B964D8-71FF-4EAC-8FE3-8C08F0347C98}"
EndProject
Project("{2150E333-8FDC-42A3-9474-1A3956D46DE8}") = "Solution Items", "Solution Items", "{A2C4DBEC-6307-4A4F-AEAA-E338B590E379}"
	ProjectSection(SolutionItems) = preProject
		.gitignore = .gitignore
		Building a Trick.md = Building a Trick.md
	EndProjectSection
EndProject
Project("{FAE04EC0-301F-11D3-BF4B-00C04F79EFBC}") = "Magician.DeployTeams", "Magician.DeployTeams\Magician.DeployTeams.csproj", "{F7FE5E7F-F799-46AE-90D9-D2B13BC6D461}"
EndProject
Project("{FAE04EC0-301F-11D3-BF4B-00C04F79EFBC}") = "Magician.ExtensionFramework", "Magician.ExtensionFramework\Magician.ExtensionFramework.csproj", "{C6C5A10E-917D-4084-B102-3DE3BCAB31AE}"
EndProject
Project("{2150E333-8FDC-42A3-9474-1A3956D46DE8}") = "Tricks", "Tricks", "{1ECBEDA4-B555-4ED3-ABBF-49CBD4622D39}"
EndProject
Project("{FAE04EC0-301F-11D3-BF4B-00C04F79EFBC}") = "Magician.DeployTeams.Logic", "Magician.DeployTeams.Logic\Magician.DeployTeams.Logic.csproj", "{A45A7C4E-7137-4691-9738-5DAFE4B00BF6}"
EndProject
Project("{FAE04EC0-301F-11D3-BF4B-00C04F79EFBC}") = "Magician.Powershell", "Magician.Powershell\Magician.Powershell.csproj", "{799E6092-1818-49EA-AA4E-222F3A5DE6C5}"
EndProject
Project("{FAE04EC0-301F-11D3-BF4B-00C04F79EFBC}") = "Magician.BulkWorkflowExecutor.Logic", "Magician.BulkWorkflowExecutor.Logic\Magician.BulkWorkflowExecutor.Logic.csproj", "{B0818F16-F2C2-431F-B032-D79F15B4F21E}"
EndProject
Global
	GlobalSection(SolutionConfigurationPlatforms) = preSolution
		Debug|Any CPU = Debug|Any CPU
		Release|Any CPU = Release|Any CPU
	EndGlobalSection
	GlobalSection(ProjectConfigurationPlatforms) = postSolution
		{F3792F29-6C38-4A3C-8F95-93EE4E58A51B}.Debug|Any CPU.ActiveCfg = Debug|Any CPU
		{F3792F29-6C38-4A3C-8F95-93EE4E58A51B}.Debug|Any CPU.Build.0 = Debug|Any CPU
		{F3792F29-6C38-4A3C-8F95-93EE4E58A51B}.Release|Any CPU.ActiveCfg = Release|Any CPU
		{F3792F29-6C38-4A3C-8F95-93EE4E58A51B}.Release|Any CPU.Build.0 = Release|Any CPU
		{743A7BEB-7FD8-4309-800E-6E3F0D755620}.Debug|Any CPU.ActiveCfg = Debug|Any CPU
		{743A7BEB-7FD8-4309-800E-6E3F0D755620}.Debug|Any CPU.Build.0 = Debug|Any CPU
		{743A7BEB-7FD8-4309-800E-6E3F0D755620}.Release|Any CPU.ActiveCfg = Release|Any CPU
		{743A7BEB-7FD8-4309-800E-6E3F0D755620}.Release|Any CPU.Build.0 = Release|Any CPU
		{7FC0B4B9-59EE-4419-8B63-B46013070EE4}.Debug|Any CPU.ActiveCfg = Debug|Any CPU
		{7FC0B4B9-59EE-4419-8B63-B46013070EE4}.Debug|Any CPU.Build.0 = Debug|Any CPU
		{7FC0B4B9-59EE-4419-8B63-B46013070EE4}.Release|Any CPU.ActiveCfg = Release|Any CPU
		{7FC0B4B9-59EE-4419-8B63-B46013070EE4}.Release|Any CPU.Build.0 = Release|Any CPU
		{A6F67324-E9A2-42EA-A0F7-20AD4C9B60A5}.Debug|Any CPU.ActiveCfg = Debug|Any CPU
		{A6F67324-E9A2-42EA-A0F7-20AD4C9B60A5}.Debug|Any CPU.Build.0 = Debug|Any CPU
		{A6F67324-E9A2-42EA-A0F7-20AD4C9B60A5}.Release|Any CPU.ActiveCfg = Release|Any CPU
		{A6F67324-E9A2-42EA-A0F7-20AD4C9B60A5}.Release|Any CPU.Build.0 = Release|Any CPU
		{7C7B1E0E-C559-4F5D-BAAC-6728DD100CB1}.Debug|Any CPU.ActiveCfg = Debug|Any CPU
		{7C7B1E0E-C559-4F5D-BAAC-6728DD100CB1}.Debug|Any CPU.Build.0 = Debug|Any CPU
		{7C7B1E0E-C559-4F5D-BAAC-6728DD100CB1}.Release|Any CPU.ActiveCfg = Release|Any CPU
		{7C7B1E0E-C559-4F5D-BAAC-6728DD100CB1}.Release|Any CPU.Build.0 = Release|Any CPU
		{31B964D8-71FF-4EAC-8FE3-8C08F0347C98}.Debug|Any CPU.ActiveCfg = Debug|Any CPU
		{31B964D8-71FF-4EAC-8FE3-8C08F0347C98}.Debug|Any CPU.Build.0 = Debug|Any CPU
		{31B964D8-71FF-4EAC-8FE3-8C08F0347C98}.Release|Any CPU.ActiveCfg = Release|Any CPU
		{31B964D8-71FF-4EAC-8FE3-8C08F0347C98}.Release|Any CPU.Build.0 = Release|Any CPU
		{F7FE5E7F-F799-46AE-90D9-D2B13BC6D461}.Debug|Any CPU.ActiveCfg = Debug|Any CPU
		{F7FE5E7F-F799-46AE-90D9-D2B13BC6D461}.Debug|Any CPU.Build.0 = Debug|Any CPU
		{F7FE5E7F-F799-46AE-90D9-D2B13BC6D461}.Release|Any CPU.ActiveCfg = Release|Any CPU
		{F7FE5E7F-F799-46AE-90D9-D2B13BC6D461}.Release|Any CPU.Build.0 = Release|Any CPU
		{C6C5A10E-917D-4084-B102-3DE3BCAB31AE}.Debug|Any CPU.ActiveCfg = Debug|Any CPU
		{C6C5A10E-917D-4084-B102-3DE3BCAB31AE}.Debug|Any CPU.Build.0 = Debug|Any CPU
		{C6C5A10E-917D-4084-B102-3DE3BCAB31AE}.Release|Any CPU.ActiveCfg = Release|Any CPU
		{C6C5A10E-917D-4084-B102-3DE3BCAB31AE}.Release|Any CPU.Build.0 = Release|Any CPU
		{A45A7C4E-7137-4691-9738-5DAFE4B00BF6}.Debug|Any CPU.ActiveCfg = Debug|Any CPU
		{A45A7C4E-7137-4691-9738-5DAFE4B00BF6}.Debug|Any CPU.Build.0 = Debug|Any CPU
		{A45A7C4E-7137-4691-9738-5DAFE4B00BF6}.Release|Any CPU.ActiveCfg = Release|Any CPU
		{A45A7C4E-7137-4691-9738-5DAFE4B00BF6}.Release|Any CPU.Build.0 = Release|Any CPU
		{799E6092-1818-49EA-AA4E-222F3A5DE6C5}.Debug|Any CPU.ActiveCfg = Debug|Any CPU
		{799E6092-1818-49EA-AA4E-222F3A5DE6C5}.Debug|Any CPU.Build.0 = Debug|Any CPU
		{799E6092-1818-49EA-AA4E-222F3A5DE6C5}.Release|Any CPU.ActiveCfg = Release|Any CPU
		{799E6092-1818-49EA-AA4E-222F3A5DE6C5}.Release|Any CPU.Build.0 = Release|Any CPU
		{B0818F16-F2C2-431F-B032-D79F15B4F21E}.Debug|Any CPU.ActiveCfg = Debug|Any CPU
		{B0818F16-F2C2-431F-B032-D79F15B4F21E}.Debug|Any CPU.Build.0 = Debug|Any CPU
		{B0818F16-F2C2-431F-B032-D79F15B4F21E}.Release|Any CPU.ActiveCfg = Release|Any CPU
		{B0818F16-F2C2-431F-B032-D79F15B4F21E}.Release|Any CPU.Build.0 = Release|Any CPU
	EndGlobalSection
	GlobalSection(SolutionProperties) = preSolution
		HideSolutionNode = FALSE
	EndGlobalSection
	GlobalSection(NestedProjects) = preSolution
		{7FC0B4B9-59EE-4419-8B63-B46013070EE4} = {1ECBEDA4-B555-4ED3-ABBF-49CBD4622D39}
		{A6F67324-E9A2-42EA-A0F7-20AD4C9B60A5} = {1ECBEDA4-B555-4ED3-ABBF-49CBD4622D39}
		{7C7B1E0E-C559-4F5D-BAAC-6728DD100CB1} = {1ECBEDA4-B555-4ED3-ABBF-49CBD4622D39}
		{31B964D8-71FF-4EAC-8FE3-8C08F0347C98} = {1ECBEDA4-B555-4ED3-ABBF-49CBD4622D39}
		{F7FE5E7F-F799-46AE-90D9-D2B13BC6D461} = {1ECBEDA4-B555-4ED3-ABBF-49CBD4622D39}
		{A45A7C4E-7137-4691-9738-5DAFE4B00BF6} = {1ECBEDA4-B555-4ED3-ABBF-49CBD4622D39}
		{B0818F16-F2C2-431F-B032-D79F15B4F21E} = {1ECBEDA4-B555-4ED3-ABBF-49CBD4622D39}
	EndGlobalSection
EndGlobal
